# This file is automatically @generated by Cargo.
# It is not intended for manual editing.
version = 3

[[package]]
name = "abstract-factory"
version = "0.1.0"

[[package]]
name = "builder"
version = "0.1.0"

[[package]]
name = "factory-method"
version = "0.1.0"

[[package]]
name = "lazy_static"
version = "1.4.0"
source = "registry+https://github.com/rust-lang/crates.io-index"
checksum = "e2abad23fbc42b3700f2f279844dc832adb2b2eb069b2df918f455c4e18cc646"

[[package]]
name = "once_cell"
version = "1.18.0"
source = "registry+https://github.com/rust-lang/crates.io-index"
checksum = "dd8b5dd2ae5ed71462c540258bedcb51965123ad7e7ccf4b9a8cafaa4a63576d"

[[package]]
name = "prototype"
version = "0.1.0"

[[package]]
name = "simple-factory"
version = "0.1.0"

[[package]]
name = "singleton"
version = "0.1.0"
dependencies = [
 "lazy_static",
 "once_cell",
]
