# This file is automatically @generated by Cargo.
# It is not intended for manual editing.
version = 3

[[package]]
name = "closure"
version = "0.1.0"

[[package]]
name = "collections"
version = "0.1.0"

[[package]]
name = "enums"
version = "0.1.0"

[[package]]
name = "memory"
version = "0.1.0"

[[package]]
name = "references"
version = "0.1.0"

[[package]]
name = "structs"
version = "0.1.0"

[[package]]
name = "traits"
version = "0.1.0"
