# This file is automatically @generated by Cargo.
# It is not intended for manual editing.
version = 3

[[package]]
name = "cc"
version = "1.0.90"
source = "registry+https://github.com/rust-lang/crates.io-index"
checksum = "8cd6604a82acf3039f1144f54b8eb34e91ffba622051189e71b781822d5ee1f5"

[[package]]
name = "nc"
version = "0.8.20"
source = "registry+https://github.com/rust-lang/crates.io-index"
checksum = "99095cc42e60c6866aeace537417e0e6ab7c1d3746f23f9952455859c5a74dee"
dependencies = [
 "cc",
]

[[package]]
name = "nightly_build"
version = "0.1.0"
dependencies = [
 "nc",
]
